// !$*UTF8*$!
{
	archiveVersion = 1;
	classes = {
	};
	objectVersion = 50;
	objects = {

/* Begin PBXBuildFile section */
		64766FFB25CCAA62000332DF /* ClubhouseApp.swift in Sources */ = {isa = PBXBuildFile; fileRef = 64766FFA25CCAA62000332DF /* ClubhouseApp.swift */; };
		64766FFD25CCAA62000332DF /* ContentView.swift in Sources */ = {isa = PBXBuildFile; fileRef = 64766FFC25CCAA62000332DF /* ContentView.swift */; };
		64766FFF25CCAA66000332DF /* Assets.xcassets in Resources */ = {isa = PBXBuildFile; fileRef = 64766FFE25CCAA66000332DF /* Assets.xcassets */; };
		6476700225CCAA66000332DF /* Preview Assets.xcassets in Resources */ = {isa = PBXBuildFile; fileRef = 6476700125CCAA66000332DF /* Preview Assets.xcassets */; };
		6476700C25CCABDA000332DF /* User.swift in Sources */ = {isa = PBXBuildFile; fileRef = 6476700B25CCABDA000332DF /* User.swift */; };
		64F773E625D06B9F00E8B9BB /* ProfileView.swift in Sources */ = {isa = PBXBuildFile; fileRef = 64F773E525D06B9F00E8B9BB /* ProfileView.swift */; };
		64F773E925D07A1000E8B9BB /* README.md in Resources */ = {isa = PBXBuildFile; fileRef = 64F773E825D07A1000E8B9BB /* README.md */; };
/* End PBXBuildFile section */

/* Begin PBXFileReference section */
		64766FF725CCAA62000332DF /* Clubhouse.app */ = {isa = PBXFileReference; explicitFileType = wrapper.application; includeInIndex = 0; path = Clubhouse.app; sourceTree = BUILT_PRODUCTS_DIR; };
		64766FFA25CCAA62000332DF /* ClubhouseApp.swift */ = {isa = PBXFileReference; lastKnownFileType = sourcecode.swift; path = ClubhouseApp.swift; sourceTree = "<group>"; };
		64766FFC25CCAA62000332DF /* ContentView.swift */ = {isa = PBXFileReference; lastKnownFileType = sourcecode.swift; path = ContentView.swift; sourceTree = "<group>"; };
		64766FFE25CCAA66000332DF /* Assets.xcassets */ = {isa = PBXFileReference; lastKnownFileType = folder.assetcatalog; path = Assets.xcassets; sourceTree = "<group>"; };
		6476700125CCAA66000332DF /* Preview Assets.xcassets */ = {isa = PBXFileReference; lastKnownFileType = folder.assetcatalog; path = "Preview Assets.xcassets"; sourceTree = "<group>"; };
		6476700325CCAA66000332DF /* Info.plist */ = {isa = PBXFileReference; lastKnownFileType = text.plist.xml; path = Info.plist; sourceTree = "<group>"; };
		6476700B25CCABDA000332DF /* User.swift */ = {isa = PBXFileReference; lastKnownFileType = sourcecode.swift; path = User.swift; sourceTree = "<group>"; };
		64F773E525D06B9F00E8B9BB /* ProfileView.swift */ = {isa = PBXFileReference; lastKnownFileType = sourcecode.swift; path = ProfileView.swift; sourceTree = "<group>"; };
		64F773E825D07A1000E8B9BB /* README.md */ = {isa = PBXFileReference; lastKnownFileType = net.daringfireball.markdown; path = README.md; sourceTree = "<group>"; };
/* End PBXFileReference section */

/* Begin PBXFrameworksBuildPhase section */
		64766FF425CCAA62000332DF /* Frameworks */ = {
			isa = PBXFrameworksBuildPhase;
			buildActionMask = 2147483647;
			files = (
			);
			runOnlyForDeploymentPostprocessing = 0;
		};
/* End PBXFrameworksBuildPhase section */

/* Begin PBXGroup section */
		64766FEE25CCAA62000332DF = {
			isa = PBXGroup;
			children = (
				64F773E825D07A1000E8B9BB /* README.md */,
				64766FF925CCAA62000332DF /* Clubhouse */,
				64766FF825CCAA62000332DF /* Products */,
			);
			sourceTree = "<group>";
		};
		64766FF825CCAA62000332DF /* Products */ = {
			isa = PBXGroup;
			children = (
				64766FF725CCAA62000332DF /* Clubhouse.app */,
			);
			name = Products;
			sourceTree = "<group>";
		};
		64766FF925CCAA62000332DF /* Clubhouse */ = {
			isa = PBXGroup;
			children = (
				64F773E425D06B8500E8B9BB /* View */,
				6476700A25CCABCD000332DF /* Model */,
				64766FFA25CCAA62000332DF /* ClubhouseApp.swift */,
				64766FFC25CCAA62000332DF /* ContentView.swift */,
				64766FFE25CCAA66000332DF /* Assets.xcassets */,
				6476700325CCAA66000332DF /* Info.plist */,
				6476700025CCAA66000332DF /* Preview Content */,
			);
			path = Clubhouse;
			sourceTree = "<group>";
		};
		6476700025CCAA66000332DF /* Preview Content */ = {
			isa = PBXGroup;
			children = (
				6476700125CCAA66000332DF /* Preview Assets.xcassets */,
			);
			path = "Preview Content";
			sourceTree = "<group>";
		};
		6476700A25CCABCD000332DF /* Model */ = {
			isa = PBXGroup;
			children = (
				6476700B25CCABDA000332DF /* User.swift */,
			);
			path = Model;
			sourceTree = "<group>";
		};
		64F773E425D06B8500E8B9BB /* View */ = {
			isa = PBXGroup;
			children = (
				64F773E525D06B9F00E8B9BB /* ProfileView.swift */,
			);
			path = View;
			sourceTree = "<group>";
		};
/* End PBXGroup section */

/* Begin PBXNativeTarget section */
		64766FF625CCAA62000332DF /* Clubhouse */ = {
			isa = PBXNativeTarget;
			buildConfigurationList = 6476700625CCAA66000332DF /* Build configuration list for PBXNativeTarget "Clubhouse" */;
			buildPhases = (
				64766FF325CCAA62000332DF /* Sources */,
				64766FF425CCAA62000332DF /* Frameworks */,
				64766FF525CCAA62000332DF /* Resources */,
			);
			buildRules = (
			);
			dependencies = (
			);
			name = Clubhouse;
			productName = Clubhouse;
			productReference = 64766FF725CCAA62000332DF /* Clubhouse.app */;
			productType = "com.apple.product-type.application";
		};
/* End PBXNativeTarget section */

/* Begin PBXProject section */
		64766FEF25CCAA62000332DF /* Project object */ = {
			isa = PBXProject;
			attributes = {
				LastSwiftUpdateCheck = 1240;
				LastUpgradeCheck = 1240;
				TargetAttributes = {
					64766FF625CCAA62000332DF = {
						CreatedOnToolsVersion = 12.4;
					};
				};
			};
			buildConfigurationList = 64766FF225CCAA62000332DF /* Build configuration list for PBXProject "Clubhouse" */;
			compatibilityVersion = "Xcode 9.3";
			developmentRegion = en;
			hasScannedForEncodings = 0;
			knownRegions = (
				en,
				Base,
			);
			mainGroup = 64766FEE25CCAA62000332DF;
			productRefGroup = 64766FF825CCAA62000332DF /* Products */;
			projectDirPath = "";
			projectRoot = "";
			targets = (
				64766FF625CCAA62000332DF /* Clubhouse */,
			);
		};
/* End PBXProject section */

/* Begin PBXResourcesBuildPhase section */
		64766FF525CCAA62000332DF /* Resources */ = {
			isa = PBXResourcesBuildPhase;
			buildActionMask = 2147483647;
			files = (
				64F773E925D07A1000E8B9BB /* README.md in Resources */,
				6476700225CCAA66000332DF /* Preview Assets.xcassets in Resources */,
				64766FFF25CCAA66000332DF /* Assets.xcassets in Resources */,
			);
			runOnlyForDeploymentPostprocessing = 0;
		};
/* End PBXResourcesBuildPhase section */

/* Begin PBXSourcesBuildPhase section */
		64766FF325CCAA62000332DF /* Sources */ = {
			isa = PBXSourcesBuildPhase;
			buildActionMask = 2147483647;
			files = (
				64F773E625D06B9F00E8B9BB /* ProfileView.swift in Sources */,
				64766FFD25CCAA62000332DF /* ContentView.swift in Sources */,
				64766FFB25CCAA62000332DF /* ClubhouseApp.swift in Sources */,
				6476700C25CCABDA000332DF /* User.swift in Sources */,
			);
			runOnlyForDeploymentPostprocessing = 0;
		};
/* End PBXSourcesBuildPhase section */

/* Begin XCBuildConfiguration section */
		6476700425CCAA66000332DF /* Debug */ = {
			isa = XCBuildConfiguration;
			buildSettings = {
				ALWAYS_SEARCH_USER_PATHS = NO;
				CLANG_ANALYZER_NONNULL = YES;
				CLANG_ANALYZER_NUMBER_OBJECT_CONVERSION = YES_AGGRESSIVE;
				CLANG_CXX_LANGUAGE_STANDARD = "gnu++14";
				CLANG_CXX_LIBRARY = "libc++";
				CLANG_ENABLE_MODULES = YES;
				CLANG_ENABLE_OBJC_ARC = YES;
				CLANG_ENABLE_OBJC_WEAK = YES;
				CLANG_WARN_BLOCK_CAPTURE_AUTORELEASING = YES;
				CLANG_WARN_BOOL_CONVERSION = YES;
				CLANG_WARN_COMMA = YES;
				CLANG_WARN_CONSTANT_CONVERSION = YES;
				CLANG_WARN_DEPRECATED_OBJC_IMPLEMENTATIONS = YES;
				CLANG_WARN_DIRECT_OBJC_ISA_USAGE = YES_ERROR;
				CLANG_WARN_DOCUMENTATION_COMMENTS = YES;
				CLANG_WARN_EMPTY_BODY = YES;
				CLANG_WARN_ENUM_CONVERSION = YES;
				CLANG_WARN_INFINITE_RECURSION = YES;
				CLANG_WARN_INT_CONVERSION = YES;
				CLANG_WARN_NON_LITERAL_NULL_CONVERSION = YES;
				CLANG_WARN_OBJC_IMPLICIT_RETAIN_SELF = YES;
				CLANG_WARN_OBJC_LITERAL_CONVERSION = YES;
				CLANG_WARN_OBJC_ROOT_CLASS = YES_ERROR;
				CLANG_WARN_QUOTED_INCLUDE_IN_FRAMEWORK_HEADER = YES;
				CLANG_WARN_RANGE_LOOP_ANALYSIS = YES;
				CLANG_WARN_STRICT_PROTOTYPES = YES;
				CLANG_WARN_SUSPICIOUS_MOVE = YES;
				CLANG_WARN_UNGUARDED_AVAILABILITY = YES_AGGRESSIVE;
				CLANG_WARN_UNREACHABLE_CODE = YES;
				CLANG_WARN__DUPLICATE_METHOD_MATCH = YES;
				COPY_PHASE_STRIP = NO;
				DEBUG_INFORMATION_FORMAT = dwarf;
				ENABLE_STRICT_OBJC_MSGSEND = YES;
				ENABLE_TESTABILITY = YES;
				GCC_C_LANGUAGE_STANDARD = gnu11;
				GCC_DYNAMIC_NO_PIC = NO;
				GCC_NO_COMMON_BLOCKS = YES;
				GCC_OPTIMIZATION_LEVEL = 0;
				GCC_PREPROCESSOR_DEFINITIONS = (
					"DEBUG=1",
					"$(inherited)",
				);
				GCC_WARN_64_TO_32_BIT_CONVERSION = YES;
				GCC_WARN_ABOUT_RETURN_TYPE = YES_ERROR;
				GCC_WARN_UNDECLARED_SELECTOR = YES;
				GCC_WARN_UNINITIALIZED_AUTOS = YES_AGGRESSIVE;
				GCC_WARN_UNUSED_FUNCTION = YES;
				GCC_WARN_UNUSED_VARIABLE = YES;
				IPHONEOS_DEPLOYMENT_TARGET = 14.4;
				MTL_ENABLE_DEBUG_INFO = INCLUDE_SOURCE;
				MTL_FAST_MATH = YES;
				ONLY_ACTIVE_ARCH = YES;
				SDKROOT = iphoneos;
				SWIFT_ACTIVE_COMPILATION_CONDITIONS = DEBUG;
				SWIFT_OPTIMIZATION_LEVEL = "-Onone";
			};
			name = Debug;
		};
		6476700525CCAA66000332DF /* Release */ = {
			isa = XCBuildConfiguration;
			buildSettings = {
				ALWAYS_SEARCH_USER_PATHS = NO;
				CLANG_ANALYZER_NONNULL = YES;
				CLANG_ANALYZER_NUMBER_OBJECT_CONVERSION = YES_AGGRESSIVE;
				CLANG_CXX_LANGUAGE_STANDARD = "gnu++14";
				CLANG_CXX_LIBRARY = "libc++";
				CLANG_ENABLE_MODULES = YES;
				CLANG_ENABLE_OBJC_ARC = YES;
				CLANG_ENABLE_OBJC_WEAK = YES;
				CLANG_WARN_BLOCK_CAPTURE_AUTORELEASING = YES;
				CLANG_WARN_BOOL_CONVERSION = YES;
				CLANG_WARN_COMMA = YES;
				CLANG_WARN_CONSTANT_CONVERSION = YES;
				CLANG_WARN_DEPRECATED_OBJC_IMPLEMENTATIONS = YES;
				CLANG_WARN_DIRECT_OBJC_ISA_USAGE = YES_ERROR;
				CLANG_WARN_DOCUMENTATION_COMMENTS = YES;
				CLANG_WARN_EMPTY_BODY = YES;
				CLANG_WARN_ENUM_CONVERSION = YES;
				CLANG_WARN_INFINITE_RECURSION = YES;
				CLANG_WARN_INT_CONVERSION = YES;
				CLANG_WARN_NON_LITERAL_NULL_CONVERSION = YES;
				CLANG_WARN_OBJC_IMPLICIT_RETAIN_SELF = YES;
				CLANG_WARN_OBJC_LITERAL_CONVERSION = YES;
				CLANG_WARN_OBJC_ROOT_CLASS = YES_ERROR;
				CLANG_WARN_QUOTED_INCLUDE_IN_FRAMEWORK_HEADER = YES;
				CLANG_WARN_RANGE_LOOP_ANALYSIS = YES;
				CLANG_WARN_STRICT_PROTOTYPES = YES;
				CLANG_WARN_SUSPICIOUS_MOVE = YES;
				CLANG_WARN_UNGUARDED_AVAILABILITY = YES_AGGRESSIVE;
				CLANG_WARN_UNREACHABLE_CODE = YES;
				CLANG_WARN__DUPLICATE_METHOD_MATCH = YES;
				COPY_PHASE_STRIP = NO;
				DEBUG_INFORMATION_FORMAT = "dwarf-with-dsym";
				ENABLE_NS_ASSERTIONS = NO;
				ENABLE_STRICT_OBJC_MSGSEND = YES;
				GCC_C_LANGUAGE_STANDARD = gnu11;
				GCC_NO_COMMON_BLOCKS = YES;
				GCC_WARN_64_TO_32_BIT_CONVERSION = YES;
				GCC_WARN_ABOUT_RETURN_TYPE = YES_ERROR;
				GCC_WARN_UNDECLARED_SELECTOR = YES;
				GCC_WARN_UNINITIALIZED_AUTOS = YES_AGGRESSIVE;
				GCC_WARN_UNUSED_FUNCTION = YES;
				GCC_WARN_UNUSED_VARIABLE = YES;
				IPHONEOS_DEPLOYMENT_TARGET = 14.4;
				MTL_ENABLE_DEBUG_INFO = NO;
				MTL_FAST_MATH = YES;
				SDKROOT = iphoneos;
				SWIFT_COMPILATION_MODE = wholemodule;
				SWIFT_OPTIMIZATION_LEVEL = "-O";
				VALIDATE_PRODUCT = YES;
			};
			name = Release;
		};
		6476700725CCAA66000332DF /* Debug */ = {
			isa = XCBuildConfiguration;
			buildSettings = {
				ASSETCATALOG_COMPILER_APPICON_NAME = AppIcon;
				ASSETCATALOG_COMPILER_GLOBAL_ACCENT_COLOR_NAME = AccentColor;
				CODE_SIGN_STYLE = Automatic;
				DEVELOPMENT_ASSET_PATHS = "\"Clubhouse/Preview Content\"";
				ENABLE_PREVIEWS = YES;
				INFOPLIST_FILE = Clubhouse/Info.plist;
				IPHONEOS_DEPLOYMENT_TARGET = 14.0;
				LD_RUNPATH_SEARCH_PATHS = (
					"$(inherited)",
					"@executable_path/Frameworks",
				);
				PRODUCT_BUNDLE_IDENTIFIER = io.github.rphlfc.Clubhouse;
				PRODUCT_NAME = "$(TARGET_NAME)";
				SWIFT_VERSION = 5.0;
				TARGETED_DEVICE_FAMILY = "1,2";
			};
			name = Debug;
		};
		6476700825CCAA66000332DF /* Release */ = {
			isa = XCBuildConfiguration;
			buildSettings = {
				ASSETCATALOG_COMPILER_APPICON_NAME = AppIcon;
				ASSETCATALOG_COMPILER_GLOBAL_ACCENT_COLOR_NAME = AccentColor;
				CODE_SIGN_STYLE = Automatic;
				DEVELOPMENT_ASSET_PATHS = "\"Clubhouse/Preview Content\"";
				ENABLE_PREVIEWS = YES;
				INFOPLIST_FILE = Clubhouse/Info.plist;
				IPHONEOS_DEPLOYMENT_TARGET = 14.0;
				LD_RUNPATH_SEARCH_PATHS = (
					"$(inherited)",
					"@executable_path/Frameworks",
				);
				PRODUCT_BUNDLE_IDENTIFIER = io.github.rphlfc.Clubhouse;
				PRODUCT_NAME = "$(TARGET_NAME)";
				SWIFT_VERSION = 5.0;
				TARGETED_DEVICE_FAMILY = "1,2";
			};
			name = Release;
		};
/* End XCBuildConfiguration section */

/* Begin XCConfigurationList section */
		64766FF225CCAA62000332DF /* Build configuration list for PBXProject "Clubhouse" */ = {
			isa = XCConfigurationList;
			buildConfigurations = (
				6476700425CCAA66000332DF /* Debug */,
				6476700525CCAA66000332DF /* Release */,
			);
			defaultConfigurationIsVisible = 0;
			defaultConfigurationName = Release;
		};
		6476700625CCAA66000332DF /* Build configuration list for PBXNativeTarget "Clubhouse" */ = {
			isa = XCConfigurationList;
			buildConfigurations = (
				6476700725CCAA66000332DF /* Debug */,
				6476700825CCAA66000332DF /* Release */,
			);
			defaultConfigurationIsVisible = 0;
			defaultConfigurationName = Release;
		};
/* End XCConfigurationList section */
	};
	rootObject = 64766FEF25CCAA62000332DF /* Project object */;
}
